
Microsoft Visual Studio Solution File, Format Version 12.00
# Visual Studio 2012
Project("{FAE04EC0-301F-11D3-BF4B-00C04F79EFBC}") = "PRHawkRestService", "PRHawkRestService\PRHawkRestService.csproj", "{1AFB100F-F2F4-4E58-8F88-43F708A88E25}"
EndProject
Project("{FAE04EC0-301F-11D3-BF4B-00C04F79EFBC}") = "PRHawkTests", "PRHawkTests\PRHawkTests.csproj", "{DFF14420-C602-47F8-A9EF-0D55C457BCBF}"
EndProject
Global
	GlobalSection(SolutionConfigurationPlatforms) = preSolution
		Debug|Any CPU = Debug|Any CPU
		Release|Any CPU = Release|Any CPU
	EndGlobalSection
	GlobalSection(ProjectConfigurationPlatforms) = postSolution
		{1AFB100F-F2F4-4E58-8F88-43F708A88E25}.Debug|Any CPU.ActiveCfg = Debug|Any CPU
		{1AFB100F-F2F4-4E58-8F88-43F708A88E25}.Debug|Any CPU.Build.0 = Debug|Any CPU
		{1AFB100F-F2F4-4E58-8F88-43F708A88E25}.Release|Any CPU.ActiveCfg = Release|Any CPU
		{1AFB100F-F2F4-4E58-8F88-43F708A88E25}.Release|Any CPU.Build.0 = Release|Any CPU
		{DFF14420-C602-47F8-A9EF-0D55C457BCBF}.Debug|Any CPU.ActiveCfg = Debug|Any CPU
		{DFF14420-C602-47F8-A9EF-0D55C457BCBF}.Debug|Any CPU.Build.0 = Debug|Any CPU
		{DFF14420-C602-47F8-A9EF-0D55C457BCBF}.Release|Any CPU.ActiveCfg = Release|Any CPU
		{DFF14420-C602-47F8-A9EF-0D55C457BCBF}.Release|Any CPU.Build.0 = Release|Any CPU
	EndGlobalSection
	GlobalSection(SolutionProperties) = preSolution
		HideSolutionNode = FALSE
	EndGlobalSection
	GlobalSection(ExtensibilityGlobals) = postSolution
		EnterpriseLibraryConfigurationToolBinariesPath = packages\Unity.2.1.505.2\lib\NET35
	EndGlobalSection
EndGlobal
